
Microsoft Visual Studio Solution File, Format Version 12.00
# Visual Studio Version 17
VisualStudioVersion = 17.7.34009.444
MinimumVisualStudioVersion = 10.0.40219.1
Project("{FAE04EC0-301F-11D3-BF4B-00C04F79EFBC}") = "MainProject", "MainProject\MainProject.csproj", "{99BB9C56-C603-4491-8633-B982217FEF64}"
EndProject
Global
	GlobalSection(SolutionConfigurationPlatforms) = preSolution
		Debug|Any CPU = Debug|Any CPU
		Release|Any CPU = Release|Any CPU
	EndGlobalSection
	GlobalSection(ProjectConfigurationPlatforms) = postSolution
		{99BB9C56-C603-4491-8633-B982217FEF64}.Debug|Any CPU.ActiveCfg = Debug|Any CPU
		{99BB9C56-C603-4491-8633-B982217FEF64}.Debug|Any CPU.Build.0 = Debug|Any CPU
		{99BB9C56-C603-4491-8633-B982217FEF64}.Release|Any CPU.ActiveCfg = Release|Any CPU
		{99BB9C56-C603-4491-8633-B982217FEF64}.Release|Any CPU.Build.0 = Release|Any CPU
	EndGlobalSection
	GlobalSection(SolutionProperties) = preSolution
		HideSolutionNode = FALSE
	EndGlobalSection
	GlobalSection(ExtensibilityGlobals) = postSolution
		SolutionGuid = {F7373FBE-AFE2-4A6D-BF37-A24C9EF38B85}
	EndGlobalSection
EndGlobal
